
Microsoft Visual Studio Solution File, Format Version 12.00
# Visual Studio Version 16
VisualStudioVersion = 16.0.34031.81
MinimumVisualStudioVersion = 10.0.40219.1
Project("{2150E333-8FDC-42A3-9474-1A3956D46DE8}") = "Task0", "Task0", "{2A894EB0-096C-4A0F-B509-73E41D0ECD22}"
EndProject
Project("{2150E333-8FDC-42A3-9474-1A3956D46DE8}") = "Task1", "Task1", "{7F4BDC33-60F0-4810-9F16-7BD79680DF37}"
EndProject
Project("{2150E333-8FDC-42A3-9474-1A3956D46DE8}") = "Task2", "Task2", "{3E130356-901A-45E8-A238-E887180BA45E}"
EndProject
Project("{2150E333-8FDC-42A3-9474-1A3956D46DE8}") = "Task3", "Task3", "{C5C17F32-8808-4A59-8132-01302F3C3250}"
EndProject
Project("{2150E333-8FDC-42A3-9474-1A3956D46DE8}") = "Task4", "Task4", "{B157456B-57B6-4AC2-B2B4-3C53801ADDA1}"
EndProject
Project("{2150E333-8FDC-42A3-9474-1A3956D46DE8}") = "Task5", "Task5", "{32204FEA-2288-4B0A-B375-8448A3172B89}"
EndProject
Project("{2150E333-8FDC-42A3-9474-1A3956D46DE8}") = "Task6", "Task6", "{015B5817-8E1C-4AE6-BA6B-4BB96909421C}"
EndProject
Project("{2150E333-8FDC-42A3-9474-1A3956D46DE8}") = "Task7", "Task7", "{08736F6D-B422-4910-A863-70CBB392F0EC}"
EndProject
Project("{FAE04EC0-301F-11D3-BF4B-00C04F79EFBC}") = "Tyuiu.RachevES.Sprint1.Task0.V13", "Tyuiu.RachevES.Sprint1.Task0.V13\Tyuiu.RachevES.Sprint1.Task0.V13.csproj", "{6149977E-4C95-4369-8D42-0A429359C7E6}"
EndProject
Project("{FAE04EC0-301F-11D3-BF4B-00C04F79EFBC}") = "Tyuiu.RachevES.Sprint1.Task0.V13.Test", "Tyuiu.RachevES.Sprint1.Task0.V13.Test\Tyuiu.RachevES.Sprint1.Task0.V13.Test.csproj", "{690771AC-328C-49EC-9ACC-0126F98A7CCF}"
EndProject
Project("{FAE04EC0-301F-11D3-BF4B-00C04F79EFBC}") = "Tyuiu.RachevES.Sprint1.Task0.V13.Lib", "Tyuiu.RachevES.Sprint1.Task0.V13.Lib\Tyuiu.RachevES.Sprint1.Task0.V13.Lib.csproj", "{F6DEEFD6-97A0-41B7-BA83-B6583BE03ED2}"
EndProject
Project("{FAE04EC0-301F-11D3-BF4B-00C04F79EFBC}") = "Tyuiu.RachevES.Sprint2.Task1.V20", "Tyuiu.RachevES.Sprint2.Task1.V20\Tyuiu.RachevES.Sprint2.Task1.V20.csproj", "{8E3B4C21-FF2E-46F6-A0A6-5164D1F36C7D}"
EndProject
Project("{FAE04EC0-301F-11D3-BF4B-00C04F79EFBC}") = "Tyuiu.RachevES.Sprint2.Task1.V20.Lib", "Tyuiu.RachevES.Sprint2.Task1.V20.Lib\Tyuiu.RachevES.Sprint2.Task1.V20.Lib.csproj", "{DFCF4B6E-8072-4963-889E-104E586E0440}"
EndProject
Project("{FAE04EC0-301F-11D3-BF4B-00C04F79EFBC}") = "Tyuiu.RachevES.Sprint2.Task1.V20.Test", "Tyuiu.RachevES.Sprint2.Task1.V20.Test\Tyuiu.RachevES.Sprint2.Task1.V20.Test.csproj", "{96B7482C-31A0-4D5E-B767-05D7B7799A3D}"
EndProject
Project("{FAE04EC0-301F-11D3-BF4B-00C04F79EFBC}") = "Tyuiu.RachevES.Sprint2.Task2.V20", "Tyuiu.RachevES.Sprint2.Task2.V20\Tyuiu.RachevES.Sprint2.Task2.V20.csproj", "{AB2195F0-8EA2-4337-82E7-04DF5FEC3E75}"
EndProject
Project("{FAE04EC0-301F-11D3-BF4B-00C04F79EFBC}") = "Tyuiu.RachevES.Sprint2.Task2.V20.Test", "Tyuiu.RachevES.Sprint2.Task2.V20.Test\Tyuiu.RachevES.Sprint2.Task2.V20.Test.csproj", "{C6AB8A5B-EC36-459B-B4A6-4192986E438D}"
EndProject
Project("{FAE04EC0-301F-11D3-BF4B-00C04F79EFBC}") = "Tyuiu.RachevES.Sprint2.Task2.V20.Lib", "Tyuiu.RachevES.Sprint2.Task2.V20.Lib\Tyuiu.RachevES.Sprint2.Task2.V20.Lib.csproj", "{65EA5E9D-3051-40FB-BBC8-E73133A7D96D}"
EndProject
Project("{FAE04EC0-301F-11D3-BF4B-00C04F79EFBC}") = "Tyuiu.RachevES.Sprint2.Task3.V2", "Tyuiu.RachevES.Sprint2.Task3.V2\Tyuiu.RachevES.Sprint2.Task3.V2.csproj", "{E66AF188-E022-4067-A2B0-888EA5B53773}"
EndProject
Project("{FAE04EC0-301F-11D3-BF4B-00C04F79EFBC}") = "Tyuiu.RachevES.Sprint2.Task3.V2.Lib", "Tyuiu.RachevES.Sprint2.Task3.V2.Lib\Tyuiu.RachevES.Sprint2.Task3.V2.Lib.csproj", "{A01F5C53-3BD6-47C2-93A7-253157E852F2}"
EndProject
Project("{FAE04EC0-301F-11D3-BF4B-00C04F79EFBC}") = "Tyuiu.RachevES.Sprint2.Task3.V2.Test", "Tyuiu.RachevES.Sprint2.Task3.V2.Test\Tyuiu.RachevES.Sprint2.Task3.V2.Test.csproj", "{0C2A28D8-1C5B-4468-9CF7-66DE5F2F985F}"
EndProject
Project("{FAE04EC0-301F-11D3-BF4B-00C04F79EFBC}") = "Tyuiu.RachevES.Sprint2.Task5.V2", "Tyuiu.RachevES.Sprint2.Task5.V2\Tyuiu.RachevES.Sprint2.Task5.V2.csproj", "{3749D790-07F1-41D0-BD0D-DE4372D34AEE}"
EndProject
Project("{FAE04EC0-301F-11D3-BF4B-00C04F79EFBC}") = "Tyuiu.RachevES.Sprint2.Task5.V2.Test", "Tyuiu.RachevES.Sprint2.Task5.V2.Test\Tyuiu.RachevES.Sprint2.Task5.V2.Test.csproj", "{E4D591E0-A91D-46EA-87B3-4217BEEDAF73}"
EndProject
Project("{FAE04EC0-301F-11D3-BF4B-00C04F79EFBC}") = "Tyuiu.RachevES.Sprint2.Task5.V2.Lib", "Tyuiu.RachevES.Sprint2.Task5.V2.Lib\Tyuiu.RachevES.Sprint2.Task5.V2.Lib.csproj", "{30C7B3D1-EF6F-46BD-A466-69F24C86B7C8}"
EndProject
Project("{FAE04EC0-301F-11D3-BF4B-00C04F79EFBC}") = "Tyuiu.RachevES.Sprint2.Task6.V10", "Tyuiu.RachevES.Sprint2.Task6.V10\Tyuiu.RachevES.Sprint2.Task6.V10.csproj", "{48D71D5B-E603-4A21-A5F4-4D22194BBEBD}"
EndProject
Project("{FAE04EC0-301F-11D3-BF4B-00C04F79EFBC}") = "Tyuiu.RachevES.Sprint2.Task6.V10.Lib", "Tyuiu.RachevES.Sprint2.Task6.V10.Lib\Tyuiu.RachevES.Sprint2.Task6.V10.Lib.csproj", "{D63B48CB-6052-49D8-ADA8-22AEDCF2636C}"
EndProject
Project("{FAE04EC0-301F-11D3-BF4B-00C04F79EFBC}") = "Tyuiu.RachevES.Sprint2.Task6.V10.Test", "Tyuiu.RachevES.Sprint2.Task6.V10.Test\Tyuiu.RachevES.Sprint2.Task6.V10.Test.csproj", "{6E0D6ADD-C295-4B40-B8AF-E85F10373956}"
EndProject
Project("{FAE04EC0-301F-11D3-BF4B-00C04F79EFBC}") = "Tyuiu.RachevES.Sprint2.Task7.V13", "Tyuiu.RachevES.Sprint2.Task7.V13\Tyuiu.RachevES.Sprint2.Task7.V13.csproj", "{6339C8C8-061B-4A8B-B577-C10A8CC94BD9}"
EndProject
Project("{FAE04EC0-301F-11D3-BF4B-00C04F79EFBC}") = "Tyuiu.RachevES.Sprint2.Task7.V13.Test", "Tyuiu.RachevES.Sprint2.Task7.V13.Test\Tyuiu.RachevES.Sprint2.Task7.V13.Test.csproj", "{FCDDBBFC-81BF-4B7D-9317-B0B5EB046A27}"
EndProject
Project("{FAE04EC0-301F-11D3-BF4B-00C04F79EFBC}") = "Tyuiu.RachevES.Sprint2.Task7.V13.Lib", "Tyuiu.RachevES.Sprint2.Task7.V13.Lib\Tyuiu.RachevES.Sprint2.Task7.V13.Lib.csproj", "{2E267FCF-C820-4195-A9BD-274DA65F3A74}"
EndProject
Global
	GlobalSection(SolutionConfigurationPlatforms) = preSolution
		Debug|Any CPU = Debug|Any CPU
		Release|Any CPU = Release|Any CPU
	EndGlobalSection
	GlobalSection(ProjectConfigurationPlatforms) = postSolution
		{6149977E-4C95-4369-8D42-0A429359C7E6}.Debug|Any CPU.ActiveCfg = Debug|Any CPU
		{6149977E-4C95-4369-8D42-0A429359C7E6}.Debug|Any CPU.Build.0 = Debug|Any CPU
		{6149977E-4C95-4369-8D42-0A429359C7E6}.Release|Any CPU.ActiveCfg = Release|Any CPU
		{6149977E-4C95-4369-8D42-0A429359C7E6}.Release|Any CPU.Build.0 = Release|Any CPU
		{690771AC-328C-49EC-9ACC-0126F98A7CCF}.Debug|Any CPU.ActiveCfg = Debug|Any CPU
		{690771AC-328C-49EC-9ACC-0126F98A7CCF}.Debug|Any CPU.Build.0 = Debug|Any CPU
		{690771AC-328C-49EC-9ACC-0126F98A7CCF}.Release|Any CPU.ActiveCfg = Release|Any CPU
		{690771AC-328C-49EC-9ACC-0126F98A7CCF}.Release|Any CPU.Build.0 = Release|Any CPU
		{F6DEEFD6-97A0-41B7-BA83-B6583BE03ED2}.Debug|Any CPU.ActiveCfg = Debug|Any CPU
		{F6DEEFD6-97A0-41B7-BA83-B6583BE03ED2}.Debug|Any CPU.Build.0 = Debug|Any CPU
		{F6DEEFD6-97A0-41B7-BA83-B6583BE03ED2}.Release|Any CPU.ActiveCfg = Release|Any CPU
		{F6DEEFD6-97A0-41B7-BA83-B6583BE03ED2}.Release|Any CPU.Build.0 = Release|Any CPU
		{8E3B4C21-FF2E-46F6-A0A6-5164D1F36C7D}.Debug|Any CPU.ActiveCfg = Debug|Any CPU
		{8E3B4C21-FF2E-46F6-A0A6-5164D1F36C7D}.Debug|Any CPU.Build.0 = Debug|Any CPU
		{8E3B4C21-FF2E-46F6-A0A6-5164D1F36C7D}.Release|Any CPU.ActiveCfg = Release|Any CPU
		{8E3B4C21-FF2E-46F6-A0A6-5164D1F36C7D}.Release|Any CPU.Build.0 = Release|Any CPU
		{DFCF4B6E-8072-4963-889E-104E586E0440}.Debug|Any CPU.ActiveCfg = Debug|Any CPU
		{DFCF4B6E-8072-4963-889E-104E586E0440}.Debug|Any CPU.Build.0 = Debug|Any CPU
		{DFCF4B6E-8072-4963-889E-104E586E0440}.Release|Any CPU.ActiveCfg = Release|Any CPU
		{DFCF4B6E-8072-4963-889E-104E586E0440}.Release|Any CPU.Build.0 = Release|Any CPU
		{96B7482C-31A0-4D5E-B767-05D7B7799A3D}.Debug|Any CPU.ActiveCfg = Debug|Any CPU
		{96B7482C-31A0-4D5E-B767-05D7B7799A3D}.Debug|Any CPU.Build.0 = Debug|Any CPU
		{96B7482C-31A0-4D5E-B767-05D7B7799A3D}.Release|Any CPU.ActiveCfg = Release|Any CPU
		{96B7482C-31A0-4D5E-B767-05D7B7799A3D}.Release|Any CPU.Build.0 = Release|Any CPU
		{AB2195F0-8EA2-4337-82E7-04DF5FEC3E75}.Debug|Any CPU.ActiveCfg = Debug|Any CPU
		{AB2195F0-8EA2-4337-82E7-04DF5FEC3E75}.Debug|Any CPU.Build.0 = Debug|Any CPU
		{AB2195F0-8EA2-4337-82E7-04DF5FEC3E75}.Release|Any CPU.ActiveCfg = Release|Any CPU
		{AB2195F0-8EA2-4337-82E7-04DF5FEC3E75}.Release|Any CPU.Build.0 = Release|Any CPU
		{C6AB8A5B-EC36-459B-B4A6-4192986E438D}.Debug|Any CPU.ActiveCfg = Debug|Any CPU
		{C6AB8A5B-EC36-459B-B4A6-4192986E438D}.Debug|Any CPU.Build.0 = Debug|Any CPU
		{C6AB8A5B-EC36-459B-B4A6-4192986E438D}.Release|Any CPU.ActiveCfg = Release|Any CPU
		{C6AB8A5B-EC36-459B-B4A6-4192986E438D}.Release|Any CPU.Build.0 = Release|Any CPU
		{65EA5E9D-3051-40FB-BBC8-E73133A7D96D}.Debug|Any CPU.ActiveCfg = Debug|Any CPU
		{65EA5E9D-3051-40FB-BBC8-E73133A7D96D}.Debug|Any CPU.Build.0 = Debug|Any CPU
		{65EA5E9D-3051-40FB-BBC8-E73133A7D96D}.Release|Any CPU.ActiveCfg = Release|Any CPU
		{65EA5E9D-3051-40FB-BBC8-E73133A7D96D}.Release|Any CPU.Build.0 = Release|Any CPU
		{E66AF188-E022-4067-A2B0-888EA5B53773}.Debug|Any CPU.ActiveCfg = Debug|Any CPU
		{E66AF188-E022-4067-A2B0-888EA5B53773}.Debug|Any CPU.Build.0 = Debug|Any CPU
		{E66AF188-E022-4067-A2B0-888EA5B53773}.Release|Any CPU.ActiveCfg = Release|Any CPU
		{E66AF188-E022-4067-A2B0-888EA5B53773}.Release|Any CPU.Build.0 = Release|Any CPU
		{A01F5C53-3BD6-47C2-93A7-253157E852F2}.Debug|Any CPU.ActiveCfg = Debug|Any CPU
		{A01F5C53-3BD6-47C2-93A7-253157E852F2}.Debug|Any CPU.Build.0 = Debug|Any CPU
		{A01F5C53-3BD6-47C2-93A7-253157E852F2}.Release|Any CPU.ActiveCfg = Release|Any CPU
		{A01F5C53-3BD6-47C2-93A7-253157E852F2}.Release|Any CPU.Build.0 = Release|Any CPU
		{0C2A28D8-1C5B-4468-9CF7-66DE5F2F985F}.Debug|Any CPU.ActiveCfg = Debug|Any CPU
		{0C2A28D8-1C5B-4468-9CF7-66DE5F2F985F}.Debug|Any CPU.Build.0 = Debug|Any CPU
		{0C2A28D8-1C5B-4468-9CF7-66DE5F2F985F}.Release|Any CPU.ActiveCfg = Release|Any CPU
		{0C2A28D8-1C5B-4468-9CF7-66DE5F2F985F}.Release|Any CPU.Build.0 = Release|Any CPU
		{3749D790-07F1-41D0-BD0D-DE4372D34AEE}.Debug|Any CPU.ActiveCfg = Debug|Any CPU
		{3749D790-07F1-41D0-BD0D-DE4372D34AEE}.Debug|Any CPU.Build.0 = Debug|Any CPU
		{3749D790-07F1-41D0-BD0D-DE4372D34AEE}.Release|Any CPU.ActiveCfg = Release|Any CPU
		{3749D790-07F1-41D0-BD0D-DE4372D34AEE}.Release|Any CPU.Build.0 = Release|Any CPU
		{E4D591E0-A91D-46EA-87B3-4217BEEDAF73}.Debug|Any CPU.ActiveCfg = Debug|Any CPU
		{E4D591E0-A91D-46EA-87B3-4217BEEDAF73}.Debug|Any CPU.Build.0 = Debug|Any CPU
		{E4D591E0-A91D-46EA-87B3-4217BEEDAF73}.Release|Any CPU.ActiveCfg = Release|Any CPU
		{E4D591E0-A91D-46EA-87B3-4217BEEDAF73}.Release|Any CPU.Build.0 = Release|Any CPU
		{30C7B3D1-EF6F-46BD-A466-69F24C86B7C8}.Debug|Any CPU.ActiveCfg = Debug|Any CPU
		{30C7B3D1-EF6F-46BD-A466-69F24C86B7C8}.Debug|Any CPU.Build.0 = Debug|Any CPU
		{30C7B3D1-EF6F-46BD-A466-69F24C86B7C8}.Release|Any CPU.ActiveCfg = Release|Any CPU
		{30C7B3D1-EF6F-46BD-A466-69F24C86B7C8}.Release|Any CPU.Build.0 = Release|Any CPU
		{48D71D5B-E603-4A21-A5F4-4D22194BBEBD}.Debug|Any CPU.ActiveCfg = Debug|Any CPU
		{48D71D5B-E603-4A21-A5F4-4D22194BBEBD}.Debug|Any CPU.Build.0 = Debug|Any CPU
		{48D71D5B-E603-4A21-A5F4-4D22194BBEBD}.Release|Any CPU.ActiveCfg = Release|Any CPU
		{48D71D5B-E603-4A21-A5F4-4D22194BBEBD}.Release|Any CPU.Build.0 = Release|Any CPU
		{D63B48CB-6052-49D8-ADA8-22AEDCF2636C}.Debug|Any CPU.ActiveCfg = Debug|Any CPU
		{D63B48CB-6052-49D8-ADA8-22AEDCF2636C}.Debug|Any CPU.Build.0 = Debug|Any CPU
		{D63B48CB-6052-49D8-ADA8-22AEDCF2636C}.Release|Any CPU.ActiveCfg = Release|Any CPU
		{D63B48CB-6052-49D8-ADA8-22AEDCF2636C}.Release|Any CPU.Build.0 = Release|Any CPU
		{6E0D6ADD-C295-4B40-B8AF-E85F10373956}.Debug|Any CPU.ActiveCfg = Debug|Any CPU
		{6E0D6ADD-C295-4B40-B8AF-E85F10373956}.Debug|Any CPU.Build.0 = Debug|Any CPU
		{6E0D6ADD-C295-4B40-B8AF-E85F10373956}.Release|Any CPU.ActiveCfg = Release|Any CPU
		{6E0D6ADD-C295-4B40-B8AF-E85F10373956}.Release|Any CPU.Build.0 = Release|Any CPU
		{6339C8C8-061B-4A8B-B577-C10A8CC94BD9}.Debug|Any CPU.ActiveCfg = Debug|Any CPU
		{6339C8C8-061B-4A8B-B577-C10A8CC94BD9}.Debug|Any CPU.Build.0 = Debug|Any CPU
		{6339C8C8-061B-4A8B-B577-C10A8CC94BD9}.Release|Any CPU.ActiveCfg = Release|Any CPU
		{6339C8C8-061B-4A8B-B577-C10A8CC94BD9}.Release|Any CPU.Build.0 = Release|Any CPU
		{FCDDBBFC-81BF-4B7D-9317-B0B5EB046A27}.Debug|Any CPU.ActiveCfg = Debug|Any CPU
		{FCDDBBFC-81BF-4B7D-9317-B0B5EB046A27}.Debug|Any CPU.Build.0 = Debug|Any CPU
		{FCDDBBFC-81BF-4B7D-9317-B0B5EB046A27}.Release|Any CPU.ActiveCfg = Release|Any CPU
		{FCDDBBFC-81BF-4B7D-9317-B0B5EB046A27}.Release|Any CPU.Build.0 = Release|Any CPU
		{2E267FCF-C820-4195-A9BD-274DA65F3A74}.Debug|Any CPU.ActiveCfg = Debug|Any CPU
		{2E267FCF-C820-4195-A9BD-274DA65F3A74}.Debug|Any CPU.Build.0 = Debug|Any CPU
		{2E267FCF-C820-4195-A9BD-274DA65F3A74}.Release|Any CPU.ActiveCfg = Release|Any CPU
		{2E267FCF-C820-4195-A9BD-274DA65F3A74}.Release|Any CPU.Build.0 = Release|Any CPU
	EndGlobalSection
	GlobalSection(SolutionProperties) = preSolution
		HideSolutionNode = FALSE
	EndGlobalSection
	GlobalSection(NestedProjects) = preSolution
		{6149977E-4C95-4369-8D42-0A429359C7E6} = {2A894EB0-096C-4A0F-B509-73E41D0ECD22}
		{690771AC-328C-49EC-9ACC-0126F98A7CCF} = {2A894EB0-096C-4A0F-B509-73E41D0ECD22}
		{F6DEEFD6-97A0-41B7-BA83-B6583BE03ED2} = {2A894EB0-096C-4A0F-B509-73E41D0ECD22}
		{8E3B4C21-FF2E-46F6-A0A6-5164D1F36C7D} = {7F4BDC33-60F0-4810-9F16-7BD79680DF37}
		{DFCF4B6E-8072-4963-889E-104E586E0440} = {7F4BDC33-60F0-4810-9F16-7BD79680DF37}
		{96B7482C-31A0-4D5E-B767-05D7B7799A3D} = {7F4BDC33-60F0-4810-9F16-7BD79680DF37}
		{AB2195F0-8EA2-4337-82E7-04DF5FEC3E75} = {3E130356-901A-45E8-A238-E887180BA45E}
		{C6AB8A5B-EC36-459B-B4A6-4192986E438D} = {3E130356-901A-45E8-A238-E887180BA45E}
		{65EA5E9D-3051-40FB-BBC8-E73133A7D96D} = {3E130356-901A-45E8-A238-E887180BA45E}
		{E66AF188-E022-4067-A2B0-888EA5B53773} = {C5C17F32-8808-4A59-8132-01302F3C3250}
		{A01F5C53-3BD6-47C2-93A7-253157E852F2} = {C5C17F32-8808-4A59-8132-01302F3C3250}
		{0C2A28D8-1C5B-4468-9CF7-66DE5F2F985F} = {C5C17F32-8808-4A59-8132-01302F3C3250}
		{3749D790-07F1-41D0-BD0D-DE4372D34AEE} = {32204FEA-2288-4B0A-B375-8448A3172B89}
		{E4D591E0-A91D-46EA-87B3-4217BEEDAF73} = {32204FEA-2288-4B0A-B375-8448A3172B89}
		{30C7B3D1-EF6F-46BD-A466-69F24C86B7C8} = {32204FEA-2288-4B0A-B375-8448A3172B89}
		{48D71D5B-E603-4A21-A5F4-4D22194BBEBD} = {015B5817-8E1C-4AE6-BA6B-4BB96909421C}
		{D63B48CB-6052-49D8-ADA8-22AEDCF2636C} = {015B5817-8E1C-4AE6-BA6B-4BB96909421C}
		{6E0D6ADD-C295-4B40-B8AF-E85F10373956} = {015B5817-8E1C-4AE6-BA6B-4BB96909421C}
		{6339C8C8-061B-4A8B-B577-C10A8CC94BD9} = {08736F6D-B422-4910-A863-70CBB392F0EC}
		{FCDDBBFC-81BF-4B7D-9317-B0B5EB046A27} = {08736F6D-B422-4910-A863-70CBB392F0EC}
		{2E267FCF-C820-4195-A9BD-274DA65F3A74} = {08736F6D-B422-4910-A863-70CBB392F0EC}
	EndGlobalSection
	GlobalSection(ExtensibilityGlobals) = postSolution
		SolutionGuid = {D2A5AB73-D37F-45D5-B72D-EEB3F45CAEB2}
	EndGlobalSection
EndGlobal
